// !$*UTF8*$!
{
	archiveVersion = 1;
	classes = {
	};
	objectVersion = 48;
	objects = {

/* Begin PBXBuildFile section */
		4F64AE5F1EEFA561007AED7F /* AppDelegate.swift in Sources */ = {isa = PBXBuildFile; fileRef = 4F64AE5E1EEFA561007AED7F /* AppDelegate.swift */; };
		4F64AE611EEFA561007AED7F /* ViewController.swift in Sources */ = {isa = PBXBuildFile; fileRef = 4F64AE601EEFA561007AED7F /* ViewController.swift */; };
		4F64AE641EEFA561007AED7F /* Main.storyboard in Resources */ = {isa = PBXBuildFile; fileRef = 4F64AE621EEFA561007AED7F /* Main.storyboard */; };
		4F64AE661EEFA561007AED7F /* Assets.xcassets in Resources */ = {isa = PBXBuildFile; fileRef = 4F64AE651EEFA561007AED7F /* Assets.xcassets */; };
		4F64AE691EEFA561007AED7F /* LaunchScreen.storyboard in Resources */ = {isa = PBXBuildFile; fileRef = 4F64AE671EEFA561007AED7F /* LaunchScreen.storyboard */; };
/* End PBXBuildFile section */

/* Begin PBXFileReference section */
		4F64AE5B1EEFA561007AED7F /* CoreMl-ResNet-Sample.app */ = {isa = PBXFileReference; explicitFileType = wrapper.application; includeInIndex = 0; path = "CoreMl-ResNet-Sample.app"; sourceTree = BUILT_PRODUCTS_DIR; };
		4F64AE5E1EEFA561007AED7F /* AppDelegate.swift */ = {isa = PBXFileReference; lastKnownFileType = sourcecode.swift; path = AppDelegate.swift; sourceTree = "<group>"; };
		4F64AE601EEFA561007AED7F /* ViewController.swift */ = {isa = PBXFileReference; lastKnownFileType = sourcecode.swift; path = ViewController.swift; sourceTree = "<group>"; };
		4F64AE631EEFA561007AED7F /* Base */ = {isa = PBXFileReference; lastKnownFileType = file.storyboard; name = Base; path = Base.lproj/Main.storyboard; sourceTree = "<group>"; };
		4F64AE651EEFA561007AED7F /* Assets.xcassets */ = {isa = PBXFileReference; lastKnownFileType = folder.assetcatalog; path = Assets.xcassets; sourceTree = "<group>"; };
		4F64AE681EEFA561007AED7F /* Base */ = {isa = PBXFileReference; lastKnownFileType = file.storyboard; name = Base; path = Base.lproj/LaunchScreen.storyboard; sourceTree = "<group>"; };
		4F64AE6A1EEFA561007AED7F /* Info.plist */ = {isa = PBXFileReference; lastKnownFileType = text.plist.xml; path = Info.plist; sourceTree = "<group>"; };
/* End PBXFileReference section */

/* Begin PBXFrameworksBuildPhase section */
		4F64AE581EEFA561007AED7F /* Frameworks */ = {
			isa = PBXFrameworksBuildPhase;
			buildActionMask = 2147483647;
			files = (
			);
			runOnlyForDeploymentPostprocessing = 0;
		};
/* End PBXFrameworksBuildPhase section */

/* Begin PBXGroup section */
		4F64AE521EEFA561007AED7F = {
			isa = PBXGroup;
			children = (
				4F64AE5D1EEFA561007AED7F /* CoreMl-ResNet-Sample */,
				4F64AE5C1EEFA561007AED7F /* Products */,
			);
			sourceTree = "<group>";
		};
		4F64AE5C1EEFA561007AED7F /* Products */ = {
			isa = PBXGroup;
			children = (
				4F64AE5B1EEFA561007AED7F /* CoreMl-ResNet-Sample.app */,
			);
			name = Products;
			sourceTree = "<group>";
		};
		4F64AE5D1EEFA561007AED7F /* CoreMl-ResNet-Sample */ = {
			isa = PBXGroup;
			children = (
				4F64AE5E1EEFA561007AED7F /* AppDelegate.swift */,
				4F64AE601EEFA561007AED7F /* ViewController.swift */,
				4F64AE621EEFA561007AED7F /* Main.storyboard */,
				4F64AE651EEFA561007AED7F /* Assets.xcassets */,
				4F64AE671EEFA561007AED7F /* LaunchScreen.storyboard */,
				4F64AE6A1EEFA561007AED7F /* Info.plist */,
			);
			path = "CoreMl-ResNet-Sample";
			sourceTree = "<group>";
		};
/* End PBXGroup section */

/* Begin PBXNativeTarget section */
		4F64AE5A1EEFA561007AED7F /* CoreMl-ResNet-Sample */ = {
			isa = PBXNativeTarget;
			buildConfigurationList = 4F64AE6D1EEFA561007AED7F /* Build configuration list for PBXNativeTarget "CoreMl-ResNet-Sample" */;
			buildPhases = (
				4F64AE571EEFA561007AED7F /* Sources */,
				4F64AE581EEFA561007AED7F /* Frameworks */,
				4F64AE591EEFA561007AED7F /* Resources */,
			);
			buildRules = (
			);
			dependencies = (
			);
			name = "CoreMl-ResNet-Sample";
			productName = "CoreMl-ResNet-Sample";
			productReference = 4F64AE5B1EEFA561007AED7F /* CoreMl-ResNet-Sample.app */;
			productType = "com.apple.product-type.application";
		};
/* End PBXNativeTarget section */

/* Begin PBXProject section */
		4F64AE531EEFA561007AED7F /* Project object */ = {
			isa = PBXProject;
			attributes = {
				LastSwiftUpdateCheck = 0900;
				LastUpgradeCheck = 0900;
				ORGANIZATIONNAME = ytakzk;
				TargetAttributes = {
					4F64AE5A1EEFA561007AED7F = {
						CreatedOnToolsVersion = 9.0;
					};
				};
			};
			buildConfigurationList = 4F64AE561EEFA561007AED7F /* Build configuration list for PBXProject "CoreMl-ResNet-Sample" */;
			compatibilityVersion = "Xcode 8.0";
			developmentRegion = en;
			hasScannedForEncodings = 0;
			knownRegions = (
				en,
				Base,
			);
			mainGroup = 4F64AE521EEFA561007AED7F;
			productRefGroup = 4F64AE5C1EEFA561007AED7F /* Products */;
			projectDirPath = "";
			projectRoot = "";
			targets = (
				4F64AE5A1EEFA561007AED7F /* CoreMl-ResNet-Sample */,
			);
		};
/* End PBXProject section */

/* Begin PBXResourcesBuildPhase section */
		4F64AE591EEFA561007AED7F /* Resources */ = {
			isa = PBXResourcesBuildPhase;
			buildActionMask = 2147483647;
			files = (
				4F64AE691EEFA561007AED7F /* LaunchScreen.storyboard in Resources */,
				4F64AE661EEFA561007AED7F /* Assets.xcassets in Resources */,
				4F64AE641EEFA561007AED7F /* Main.storyboard in Resources */,
			);
			runOnlyForDeploymentPostprocessing = 0;
		};
/* End PBXResourcesBuildPhase section */

/* Begin PBXSourcesBuildPhase section */
		4F64AE571EEFA561007AED7F /* Sources */ = {
			isa = PBXSourcesBuildPhase;
			buildActionMask = 2147483647;
			files = (
				4F64AE611EEFA561007AED7F /* ViewController.swift in Sources */,
				4F64AE5F1EEFA561007AED7F /* AppDelegate.swift in Sources */,
			);
			runOnlyForDeploymentPostprocessing = 0;
		};
/* End PBXSourcesBuildPhase section */

/* Begin PBXVariantGroup section */
		4F64AE621EEFA561007AED7F /* Main.storyboard */ = {
			isa = PBXVariantGroup;
			children = (
				4F64AE631EEFA561007AED7F /* Base */,
			);
			name = Main.storyboard;
			sourceTree = "<group>";
		};
		4F64AE671EEFA561007AED7F /* LaunchScreen.storyboard */ = {
			isa = PBXVariantGroup;
			children = (
				4F64AE681EEFA561007AED7F /* Base */,
			);
			name = LaunchScreen.storyboard;
			sourceTree = "<group>";
		};
/* End PBXVariantGroup section */

/* Begin XCBuildConfiguration section */
		4F64AE6B1EEFA561007AED7F /* Debug */ = {
			isa = XCBuildConfiguration;
			buildSettings = {
				ALWAYS_SEARCH_USER_PATHS = NO;
				CLANG_ANALYZER_NONNULL = YES;
				CLANG_ANALYZER_NUMBER_OBJECT_CONVERSION = YES_AGGRESSIVE;
				CLANG_CXX_LANGUAGE_STANDARD = "gnu++14";
				CLANG_CXX_LIBRARY = "libc++";
				CLANG_ENABLE_MODULES = YES;
				CLANG_ENABLE_OBJC_ARC = YES;
				CLANG_WARN_BLOCK_CAPTURE_AUTORELEASING = YES;
				CLANG_WARN_BOOL_CONVERSION = YES;
				CLANG_WARN_COMMA = YES;
				CLANG_WARN_CONSTANT_CONVERSION = YES;
				CLANG_WARN_DIRECT_OBJC_ISA_USAGE = YES_ERROR;
				CLANG_WARN_DOCUMENTATION_COMMENTS = YES;
				CLANG_WARN_EMPTY_BODY = YES;
				CLANG_WARN_ENUM_CONVERSION = YES;
				CLANG_WARN_INFINITE_RECURSION = YES;
				CLANG_WARN_INT_CONVERSION = YES;
				CLANG_WARN_OBJC_ROOT_CLASS = YES_ERROR;
				CLANG_WARN_RANGE_LOOP_ANALYSIS = YES;
				CLANG_WARN_STRICT_PROTOTYPES = YES;
				CLANG_WARN_SUSPICIOUS_MOVE = YES;
				CLANG_WARN_UNGUARDED_AVAILABILITY = YES_AGGRESSIVE;
				CLANG_WARN_UNREACHABLE_CODE = YES;
				CLANG_WARN__DUPLICATE_METHOD_MATCH = YES;
				CODE_SIGN_IDENTITY = "iPhone Developer";
				COPY_PHASE_STRIP = NO;
				DEBUG_INFORMATION_FORMAT = dwarf;
				ENABLE_STRICT_OBJC_MSGSEND = YES;
				ENABLE_TESTABILITY = YES;
				GCC_C_LANGUAGE_STANDARD = gnu11;
				GCC_DYNAMIC_NO_PIC = NO;
				GCC_NO_COMMON_BLOCKS = YES;
				GCC_OPTIMIZATION_LEVEL = 0;
				GCC_PREPROCESSOR_DEFINITIONS = (
					"DEBUG=1",
					"$(inherited)",
				);
				GCC_WARN_64_TO_32_BIT_CONVERSION = YES;
				GCC_WARN_ABOUT_RETURN_TYPE = YES_ERROR;
				GCC_WARN_UNDECLARED_SELECTOR = YES;
				GCC_WARN_UNINITIALIZED_AUTOS = YES_AGGRESSIVE;
				GCC_WARN_UNUSED_FUNCTION = YES;
				GCC_WARN_UNUSED_VARIABLE = YES;
				IPHONEOS_DEPLOYMENT_TARGET = 11.0;
				MTL_ENABLE_DEBUG_INFO = YES;
				ONLY_ACTIVE_ARCH = YES;
				SDKROOT = iphoneos;
				SWIFT_ACTIVE_COMPILATION_CONDITIONS = DEBUG;
				SWIFT_OPTIMIZATION_LEVEL = "-Onone";
			};
			name = Debug;
		};
		4F64AE6C1EEFA561007AED7F /* Release */ = {
			isa = XCBuildConfiguration;
			buildSettings = {
				ALWAYS_SEARCH_USER_PATHS = NO;
				CLANG_ANALYZER_NONNULL = YES;
				CLANG_ANALYZER_NUMBER_OBJECT_CONVERSION = YES_AGGRESSIVE;
				CLANG_CXX_LANGUAGE_STANDARD = "gnu++14";
				CLANG_CXX_LIBRARY = "libc++";
				CLANG_ENABLE_MODULES = YES;
				CLANG_ENABLE_OBJC_ARC = YES;
				CLANG_WARN_BLOCK_CAPTURE_AUTORELEASING = YES;
				CLANG_WARN_BOOL_CONVERSION = YES;
				CLANG_WARN_COMMA = YES;
				CLANG_WARN_CONSTANT_CONVERSION = YES;
				CLANG_WARN_DIRECT_OBJC_ISA_USAGE = YES_ERROR;
				CLANG_WARN_DOCUMENTATION_COMMENTS = YES;
				CLANG_WARN_EMPTY_BODY = YES;
				CLANG_WARN_ENUM_CONVERSION = YES;
				CLANG_WARN_INFINITE_RECURSION = YES;
				CLANG_WARN_INT_CONVERSION = YES;
				CLANG_WARN_OBJC_ROOT_CLASS = YES_ERROR;
				CLANG_WARN_RANGE_LOOP_ANALYSIS = YES;
				CLANG_WARN_STRICT_PROTOTYPES = YES;
				CLANG_WARN_SUSPICIOUS_MOVE = YES;
				CLANG_WARN_UNGUARDED_AVAILABILITY = YES_AGGRESSIVE;
				CLANG_WARN_UNREACHABLE_CODE = YES;
				CLANG_WARN__DUPLICATE_METHOD_MATCH = YES;
				CODE_SIGN_IDENTITY = "iPhone Developer";
				COPY_PHASE_STRIP = NO;
				DEBUG_INFORMATION_FORMAT = "dwarf-with-dsym";
				ENABLE_NS_ASSERTIONS = NO;
				ENABLE_STRICT_OBJC_MSGSEND = YES;
				GCC_C_LANGUAGE_STANDARD = gnu11;
				GCC_NO_COMMON_BLOCKS = YES;
				GCC_WARN_64_TO_32_BIT_CONVERSION = YES;
				GCC_WARN_ABOUT_RETURN_TYPE = YES_ERROR;
				GCC_WARN_UNDECLARED_SELECTOR = YES;
				GCC_WARN_UNINITIALIZED_AUTOS = YES_AGGRESSIVE;
				GCC_WARN_UNUSED_FUNCTION = YES;
				GCC_WARN_UNUSED_VARIABLE = YES;
				IPHONEOS_DEPLOYMENT_TARGET = 11.0;
				MTL_ENABLE_DEBUG_INFO = NO;
				SDKROOT = iphoneos;
				SWIFT_OPTIMIZATION_LEVEL = "-Owholemodule";
				VALIDATE_PRODUCT = YES;
			};
			name = Release;
		};
		4F64AE6E1EEFA561007AED7F /* Debug */ = {
			isa = XCBuildConfiguration;
			buildSettings = {
				ASSETCATALOG_COMPILER_APPICON_NAME = AppIcon;
				INFOPLIST_FILE = "CoreMl-ResNet-Sample/Info.plist";
				LD_RUNPATH_SEARCH_PATHS = "$(inherited) @executable_path/Frameworks";
				PRODUCT_BUNDLE_IDENTIFIER = "me.ytakzk.CoreMl-ResNet-Sample";
				PRODUCT_NAME = "$(TARGET_NAME)";
				SWIFT_VERSION = 4.0;
				TARGETED_DEVICE_FAMILY = "1,2";
			};
			name = Debug;
		};
		4F64AE6F1EEFA561007AED7F /* Release */ = {
			isa = XCBuildConfiguration;
			buildSettings = {
				ASSETCATALOG_COMPILER_APPICON_NAME = AppIcon;
				INFOPLIST_FILE = "CoreMl-ResNet-Sample/Info.plist";
				LD_RUNPATH_SEARCH_PATHS = "$(inherited) @executable_path/Frameworks";
				PRODUCT_BUNDLE_IDENTIFIER = "me.ytakzk.CoreMl-ResNet-Sample";
				PRODUCT_NAME = "$(TARGET_NAME)";
				SWIFT_VERSION = 4.0;
				TARGETED_DEVICE_FAMILY = "1,2";
			};
			name = Release;
		};
/* End XCBuildConfiguration section */

/* Begin XCConfigurationList section */
		4F64AE561EEFA561007AED7F /* Build configuration list for PBXProject "CoreMl-ResNet-Sample" */ = {
			isa = XCConfigurationList;
			buildConfigurations = (
				4F64AE6B1EEFA561007AED7F /* Debug */,
				4F64AE6C1EEFA561007AED7F /* Release */,
			);
			defaultConfigurationIsVisible = 0;
			defaultConfigurationName = Release;
		};
		4F64AE6D1EEFA561007AED7F /* Build configuration list for PBXNativeTarget "CoreMl-ResNet-Sample" */ = {
			isa = XCConfigurationList;
			buildConfigurations = (
				4F64AE6E1EEFA561007AED7F /* Debug */,
				4F64AE6F1EEFA561007AED7F /* Release */,
			);
			defaultConfigurationIsVisible = 0;
		};
/* End XCConfigurationList section */
	};
	rootObject = 4F64AE531EEFA561007AED7F /* Project object */;
}
